
Microsoft Visual Studio Solution File, Format Version 12.00
# Visual Studio Version 17
VisualStudioVersion = 17.10.35027.167
MinimumVisualStudioVersion = 10.0.40219.1
Project("{9A19103F-16F7-4668-BE54-9A1E7A4F7556}") = "Menu", "Menu\Menu.csproj", "{2CF8930C-ABAD-48D1-B9A0-EB6F86855585}"
EndProject
Project("{FAE04EC0-301F-11D3-BF4B-00C04F79EFBC}") = "Tests", "Tests\Tests.csproj", "{6FF73EFB-D6B5-4521-AE0F-352B2C67EB9A}"
EndProject
Global
	GlobalSection(SolutionConfigurationPlatforms) = preSolution
		Debug|Any CPU = Debug|Any CPU
		Release|Any CPU = Release|Any CPU
	EndGlobalSection
	GlobalSection(ProjectConfigurationPlatforms) = postSolution
		{2CF8930C-ABAD-48D1-B9A0-EB6F86855585}.Debug|Any CPU.ActiveCfg = Debug|Any CPU
		{2CF8930C-ABAD-48D1-B9A0-EB6F86855585}.Debug|Any CPU.Build.0 = Debug|Any CPU
		{2CF8930C-ABAD-48D1-B9A0-EB6F86855585}.Release|Any CPU.ActiveCfg = Release|Any CPU
		{2CF8930C-ABAD-48D1-B9A0-EB6F86855585}.Release|Any CPU.Build.0 = Release|Any CPU
		{6FF73EFB-D6B5-4521-AE0F-352B2C67EB9A}.Debug|Any CPU.ActiveCfg = Debug|Any CPU
		{6FF73EFB-D6B5-4521-AE0F-352B2C67EB9A}.Debug|Any CPU.Build.0 = Debug|Any CPU
		{6FF73EFB-D6B5-4521-AE0F-352B2C67EB9A}.Release|Any CPU.ActiveCfg = Release|Any CPU
		{6FF73EFB-D6B5-4521-AE0F-352B2C67EB9A}.Release|Any CPU.Build.0 = Release|Any CPU
	EndGlobalSection
	GlobalSection(SolutionProperties) = preSolution
		HideSolutionNode = FALSE
	EndGlobalSection
	GlobalSection(ExtensibilityGlobals) = postSolution
		SolutionGuid = {5F3E7C8B-C6A8-4AAD-8C0A-8EB13F65A596}
	EndGlobalSection
EndGlobal
